
Microsoft Visual Studio Solution File, Format Version 12.00
# Visual Studio Version 17
VisualStudioVersion = 17.5.2.0
MinimumVisualStudioVersion = 10.0.40219.1
Project("{FAE04EC0-301F-11D3-BF4B-00C04F79EFBC}") = "GuessNumber", "GuessNumber\GuessNumber.csproj", "{2885961D-55D3-7668-9B48-BC70AF82F94F}"
EndProject
Project("{FAE04EC0-301F-11D3-BF4B-00C04F79EFBC}") = "GuessNumber.Tests", "GuessNumber.Tests\GuessNumber.Tests.csproj", "{5898DED4-AD74-40D9-919C-E545891E6758}"
EndProject
Global
	GlobalSection(SolutionConfigurationPlatforms) = preSolution
		Debug|Any CPU = Debug|Any CPU
		Debug|x64 = Debug|x64
		Debug|x86 = Debug|x86
		Release|Any CPU = Release|Any CPU
		Release|x64 = Release|x64
		Release|x86 = Release|x86
	EndGlobalSection
	GlobalSection(ProjectConfigurationPlatforms) = postSolution
		{2885961D-55D3-7668-9B48-BC70AF82F94F}.Debug|Any CPU.ActiveCfg = Debug|Any CPU
		{2885961D-55D3-7668-9B48-BC70AF82F94F}.Debug|Any CPU.Build.0 = Debug|Any CPU
		{2885961D-55D3-7668-9B48-BC70AF82F94F}.Debug|x64.ActiveCfg = Debug|Any CPU
		{2885961D-55D3-7668-9B48-BC70AF82F94F}.Debug|x64.Build.0 = Debug|Any CPU
		{2885961D-55D3-7668-9B48-BC70AF82F94F}.Debug|x86.ActiveCfg = Debug|Any CPU
		{2885961D-55D3-7668-9B48-BC70AF82F94F}.Debug|x86.Build.0 = Debug|Any CPU
		{2885961D-55D3-7668-9B48-BC70AF82F94F}.Release|Any CPU.ActiveCfg = Release|Any CPU
		{2885961D-55D3-7668-9B48-BC70AF82F94F}.Release|Any CPU.Build.0 = Release|Any CPU
		{2885961D-55D3-7668-9B48-BC70AF82F94F}.Release|x64.ActiveCfg = Release|Any CPU
		{2885961D-55D3-7668-9B48-BC70AF82F94F}.Release|x64.Build.0 = Release|Any CPU
		{2885961D-55D3-7668-9B48-BC70AF82F94F}.Release|x86.ActiveCfg = Release|Any CPU
		{2885961D-55D3-7668-9B48-BC70AF82F94F}.Release|x86.Build.0 = Release|Any CPU
		{5898DED4-AD74-40D9-919C-E545891E6758}.Debug|Any CPU.ActiveCfg = Debug|Any CPU
		{5898DED4-AD74-40D9-919C-E545891E6758}.Debug|Any CPU.Build.0 = Debug|Any CPU
		{5898DED4-AD74-40D9-919C-E545891E6758}.Debug|x64.ActiveCfg = Debug|Any CPU
		{5898DED4-AD74-40D9-919C-E545891E6758}.Debug|x64.Build.0 = Debug|Any CPU
		{5898DED4-AD74-40D9-919C-E545891E6758}.Debug|x86.ActiveCfg = Debug|Any CPU
		{5898DED4-AD74-40D9-919C-E545891E6758}.Debug|x86.Build.0 = Debug|Any CPU
		{5898DED4-AD74-40D9-919C-E545891E6758}.Release|Any CPU.ActiveCfg = Release|Any CPU
		{5898DED4-AD74-40D9-919C-E545891E6758}.Release|Any CPU.Build.0 = Release|Any CPU
		{5898DED4-AD74-40D9-919C-E545891E6758}.Release|x64.ActiveCfg = Release|Any CPU
		{5898DED4-AD74-40D9-919C-E545891E6758}.Release|x64.Build.0 = Release|Any CPU
		{5898DED4-AD74-40D9-919C-E545891E6758}.Release|x86.ActiveCfg = Release|Any CPU
		{5898DED4-AD74-40D9-919C-E545891E6758}.Release|x86.Build.0 = Release|Any CPU
	EndGlobalSection
	GlobalSection(SolutionProperties) = preSolution
		HideSolutionNode = FALSE
	EndGlobalSection
	GlobalSection(ExtensibilityGlobals) = postSolution
		SolutionGuid = {48A4D4C9-3E04-49D1-98CF-F9087C076F3E}
	EndGlobalSection
EndGlobal
